
Microsoft Visual Studio Solution File, Format Version 12.00
# Visual Studio Version 16
VisualStudioVersion = 16.0.29806.167
MinimumVisualStudioVersion = 10.0.40219.1
Project("{FAE04EC0-301F-11D3-BF4B-00C04F79EFBC}") = "SchoolProject", "SchoolProject\SchoolProject.csproj", "{37BDC341-E418-4BEE-99EA-043363A13B87}"
EndProject
Global
	GlobalSection(SolutionConfigurationPlatforms) = preSolution
		Debug|Any CPU = Debug|Any CPU
		Release|Any CPU = Release|Any CPU
	EndGlobalSection
	GlobalSection(ProjectConfigurationPlatforms) = postSolution
		{37BDC341-E418-4BEE-99EA-043363A13B87}.Debug|Any CPU.ActiveCfg = Debug|Any CPU
		{37BDC341-E418-4BEE-99EA-043363A13B87}.Debug|Any CPU.Build.0 = Debug|Any CPU
		{37BDC341-E418-4BEE-99EA-043363A13B87}.Release|Any CPU.ActiveCfg = Release|Any CPU
		{37BDC341-E418-4BEE-99EA-043363A13B87}.Release|Any CPU.Build.0 = Release|Any CPU
	EndGlobalSection
	GlobalSection(SolutionProperties) = preSolution
		HideSolutionNode = FALSE
	EndGlobalSection
	GlobalSection(ExtensibilityGlobals) = postSolution
		SolutionGuid = {16BC23A8-8227-4F8D-BB6C-53E191F87364}
	EndGlobalSection
EndGlobal
